
Microsoft Visual Studio Solution File, Format Version 12.00
# Visual Studio Version 17
VisualStudioVersion = 17.0.31606.5
MinimumVisualStudioVersion = 10.0.40219.1
Project("{9A19103F-16F7-4668-BE54-9A1E7A4F7556}") = "Binary", "Binary\Binary.csproj", "{2506E38C-1F5F-4B6F-A2FC-D9E129468C8A}"
EndProject
Project("{6EC3EE1D-3C4E-46DD-8F32-0CC8E7565705}") = "Binary.Tests.FSharp", "Binary.Tests.FSharp\Binary.Tests.FSharp.fsproj", "{BCA93B17-E6E9-4AE2-8E82-F8E6AFAB620B}"
EndProject
Project("{9A19103F-16F7-4668-BE54-9A1E7A4F7556}") = "Binary.Tests", "Binary.Tests\Binary.Tests.csproj", "{565D302E-46D6-4A18-9C78-401254E0A54F}"
EndProject
Project("{6EC3EE1D-3C4E-46DD-8F32-0CC8E7565705}") = "Binary.FSharp", "Binary.FSharp\Binary.FSharp.fsproj", "{E2B71CB1-3C5B-4D7B-A34D-20AEEAB08C24}"
EndProject
Project("{6EC3EE1D-3C4E-46DD-8F32-0CC8E7565705}") = "Binary.FSharp.Tests", "Binary.FSharp.Tests\Binary.FSharp.Tests.fsproj", "{32F606D7-C201-4966-B893-256F08C14108}"
EndProject
Project("{9A19103F-16F7-4668-BE54-9A1E7A4F7556}") = "Benchmarks.IntegrationTests", "Benchmarks.IntegrationTests\Benchmarks.IntegrationTests.csproj", "{2308F7F4-C515-4231-A8DC-292057EA838B}"
EndProject
Project("{2150E333-8FDC-42A3-9474-1A3956D46DE8}") = "Benchmarks", "Benchmarks", "{969F75DF-879E-42A1-8FA2-C049EAFFE30C}"
EndProject
Project("{9A19103F-16F7-4668-BE54-9A1E7A4F7556}") = "Benchmarks.ObjectTests", "Benchmarks.ObjectTests\Benchmarks.ObjectTests.csproj", "{037707A3-F062-410B-882C-3735B705459C}"
EndProject
Project("{9A19103F-16F7-4668-BE54-9A1E7A4F7556}") = "Benchmarks.ConverterTests", "Benchmarks.ConverterTests\Benchmarks.ConverterTests.csproj", "{15AD345C-AD71-4F97-BF93-02C9BD47C134}"
EndProject
Project("{9A19103F-16F7-4668-BE54-9A1E7A4F7556}") = "Benchmarks.AllocatorTests", "Benchmarks.AllocatorTests\Benchmarks.AllocatorTests.csproj", "{231F03FF-3612-408E-9A19-1CABE42D4B66}"
EndProject
Project("{9A19103F-16F7-4668-BE54-9A1E7A4F7556}") = "Benchmarks.Abstractions", "Benchmarks.Abstractions\Benchmarks.Abstractions.csproj", "{048446C2-B894-4E4B-ABFB-CF280913A38A}"
EndProject
Project("{9A19103F-16F7-4668-BE54-9A1E7A4F7556}") = "Benchmarks.ArrayTests", "Benchmarks.ArrayTests\Benchmarks.ArrayTests.csproj", "{070F7C44-BE0D-471A-9608-F392DA09479A}"
EndProject
Project("{9A19103F-16F7-4668-BE54-9A1E7A4F7556}") = "Benchmarks.CollectionTests", "Benchmarks.CollectionTests\Benchmarks.CollectionTests.csproj", "{35BDF348-7773-401E-9F92-B9B3C0A58989}"
EndProject
Project("{6EC3EE1D-3C4E-46DD-8F32-0CC8E7565705}") = "Benchmarks.FSharpListTests", "Benchmarks.FSharpListTests\Benchmarks.FSharpListTests.fsproj", "{5E8B1607-D9E1-4E23-89FC-AC56D449CE7B}"
EndProject
Project("{9A19103F-16F7-4668-BE54-9A1E7A4F7556}") = "Benchmarks.GeneratorTests", "Benchmarks.GeneratorTests\Benchmarks.GeneratorTests.csproj", "{E669AE99-6D33-4873-B812-7803A8050B88}"
EndProject
Project("{9A19103F-16F7-4668-BE54-9A1E7A4F7556}") = "Benchmarks.ObjectConverterTests", "Benchmarks.ObjectConverterTests\Benchmarks.ObjectConverterTests.csproj", "{54BDE212-160F-4782-995F-772D4292C83B}"
EndProject
Project("{9A19103F-16F7-4668-BE54-9A1E7A4F7556}") = "Benchmarks.EnumerationTests", "Benchmarks.EnumerationTests\Benchmarks.EnumerationTests.csproj", "{F21E9E6F-9DA3-4110-A677-4EE1448C70F8}"
EndProject
Project("{9A19103F-16F7-4668-BE54-9A1E7A4F7556}") = "Benchmarks.LengthPrefixEncodeTests", "Benchmarks.LengthPrefixEncodeTests\Benchmarks.LengthPrefixEncodeTests.csproj", "{DAF16E70-0BB0-488B-8A13-E609ECC3F0EB}"
EndProject
Project("{6EC3EE1D-3C4E-46DD-8F32-0CC8E7565705}") = "Benchmarks.FSharpSetTests", "Benchmarks.FSharpSetTests\Benchmarks.FSharpSetTests.fsproj", "{68182CCE-0B48-49ED-8457-05D521457F04}"
EndProject
Project("{9A19103F-16F7-4668-BE54-9A1E7A4F7556}") = "Benchmarks.CollectionDecodeTests", "Benchmarks.CollectionDecodeTests\Benchmarks.CollectionDecodeTests.csproj", "{4819DC40-E976-4F59-9544-0B5CB9446B3A}"
EndProject
Project("{9A19103F-16F7-4668-BE54-9A1E7A4F7556}") = "Benchmarks.AllocatorStringTests", "Benchmarks.AllocatorStringTests\Benchmarks.AllocatorStringTests.csproj", "{3249A207-7B39-488E-A1A6-08534B49120B}"
EndProject
Project("{9A19103F-16F7-4668-BE54-9A1E7A4F7556}") = "Benchmarks.BinaryDictionaryTests", "Benchmarks.BinaryDictionaryTests\Benchmarks.BinaryDictionaryTests.csproj", "{FE0F51D7-BB3B-43F1-8AE0-A9260B1FE736}"
EndProject
Project("{9A19103F-16F7-4668-BE54-9A1E7A4F7556}") = "Binary.Experimental", "Binary.Experimental\Binary.Experimental.csproj", "{A1647D46-2B15-4581-8268-A2045700FA15}"
EndProject
Project("{9A19103F-16F7-4668-BE54-9A1E7A4F7556}") = "Binary.Experimental.Tests", "Binary.Experimental.Tests\Binary.Experimental.Tests.csproj", "{4D924606-A23B-4A1B-BACA-8CFF9EE3BD93}"
EndProject
Project("{2150E333-8FDC-42A3-9474-1A3956D46DE8}") = "Tests", "Tests", "{C8F66835-A75A-4CD4-A9BE-011F100DCC18}"
EndProject
Global
	GlobalSection(SolutionConfigurationPlatforms) = preSolution
		Debug|Any CPU = Debug|Any CPU
		Release|Any CPU = Release|Any CPU
	EndGlobalSection
	GlobalSection(ProjectConfigurationPlatforms) = postSolution
		{2506E38C-1F5F-4B6F-A2FC-D9E129468C8A}.Debug|Any CPU.ActiveCfg = Debug|Any CPU
		{2506E38C-1F5F-4B6F-A2FC-D9E129468C8A}.Debug|Any CPU.Build.0 = Debug|Any CPU
		{2506E38C-1F5F-4B6F-A2FC-D9E129468C8A}.Release|Any CPU.ActiveCfg = Release|Any CPU
		{2506E38C-1F5F-4B6F-A2FC-D9E129468C8A}.Release|Any CPU.Build.0 = Release|Any CPU
		{BCA93B17-E6E9-4AE2-8E82-F8E6AFAB620B}.Debug|Any CPU.ActiveCfg = Debug|Any CPU
		{BCA93B17-E6E9-4AE2-8E82-F8E6AFAB620B}.Debug|Any CPU.Build.0 = Debug|Any CPU
		{BCA93B17-E6E9-4AE2-8E82-F8E6AFAB620B}.Release|Any CPU.ActiveCfg = Release|Any CPU
		{BCA93B17-E6E9-4AE2-8E82-F8E6AFAB620B}.Release|Any CPU.Build.0 = Release|Any CPU
		{565D302E-46D6-4A18-9C78-401254E0A54F}.Debug|Any CPU.ActiveCfg = Debug|Any CPU
		{565D302E-46D6-4A18-9C78-401254E0A54F}.Debug|Any CPU.Build.0 = Debug|Any CPU
		{565D302E-46D6-4A18-9C78-401254E0A54F}.Release|Any CPU.ActiveCfg = Release|Any CPU
		{565D302E-46D6-4A18-9C78-401254E0A54F}.Release|Any CPU.Build.0 = Release|Any CPU
		{E2B71CB1-3C5B-4D7B-A34D-20AEEAB08C24}.Debug|Any CPU.ActiveCfg = Debug|Any CPU
		{E2B71CB1-3C5B-4D7B-A34D-20AEEAB08C24}.Debug|Any CPU.Build.0 = Debug|Any CPU
		{E2B71CB1-3C5B-4D7B-A34D-20AEEAB08C24}.Release|Any CPU.ActiveCfg = Release|Any CPU
		{E2B71CB1-3C5B-4D7B-A34D-20AEEAB08C24}.Release|Any CPU.Build.0 = Release|Any CPU
		{32F606D7-C201-4966-B893-256F08C14108}.Debug|Any CPU.ActiveCfg = Debug|Any CPU
		{32F606D7-C201-4966-B893-256F08C14108}.Debug|Any CPU.Build.0 = Debug|Any CPU
		{32F606D7-C201-4966-B893-256F08C14108}.Release|Any CPU.ActiveCfg = Release|Any CPU
		{32F606D7-C201-4966-B893-256F08C14108}.Release|Any CPU.Build.0 = Release|Any CPU
		{2308F7F4-C515-4231-A8DC-292057EA838B}.Debug|Any CPU.ActiveCfg = Debug|Any CPU
		{2308F7F4-C515-4231-A8DC-292057EA838B}.Debug|Any CPU.Build.0 = Debug|Any CPU
		{2308F7F4-C515-4231-A8DC-292057EA838B}.Release|Any CPU.ActiveCfg = Release|Any CPU
		{2308F7F4-C515-4231-A8DC-292057EA838B}.Release|Any CPU.Build.0 = Release|Any CPU
		{037707A3-F062-410B-882C-3735B705459C}.Debug|Any CPU.ActiveCfg = Debug|Any CPU
		{037707A3-F062-410B-882C-3735B705459C}.Debug|Any CPU.Build.0 = Debug|Any CPU
		{037707A3-F062-410B-882C-3735B705459C}.Release|Any CPU.ActiveCfg = Release|Any CPU
		{037707A3-F062-410B-882C-3735B705459C}.Release|Any CPU.Build.0 = Release|Any CPU
		{15AD345C-AD71-4F97-BF93-02C9BD47C134}.Debug|Any CPU.ActiveCfg = Debug|Any CPU
		{15AD345C-AD71-4F97-BF93-02C9BD47C134}.Debug|Any CPU.Build.0 = Debug|Any CPU
		{15AD345C-AD71-4F97-BF93-02C9BD47C134}.Release|Any CPU.ActiveCfg = Release|Any CPU
		{15AD345C-AD71-4F97-BF93-02C9BD47C134}.Release|Any CPU.Build.0 = Release|Any CPU
		{231F03FF-3612-408E-9A19-1CABE42D4B66}.Debug|Any CPU.ActiveCfg = Debug|Any CPU
		{231F03FF-3612-408E-9A19-1CABE42D4B66}.Debug|Any CPU.Build.0 = Debug|Any CPU
		{231F03FF-3612-408E-9A19-1CABE42D4B66}.Release|Any CPU.ActiveCfg = Release|Any CPU
		{231F03FF-3612-408E-9A19-1CABE42D4B66}.Release|Any CPU.Build.0 = Release|Any CPU
		{048446C2-B894-4E4B-ABFB-CF280913A38A}.Debug|Any CPU.ActiveCfg = Debug|Any CPU
		{048446C2-B894-4E4B-ABFB-CF280913A38A}.Debug|Any CPU.Build.0 = Debug|Any CPU
		{048446C2-B894-4E4B-ABFB-CF280913A38A}.Release|Any CPU.ActiveCfg = Release|Any CPU
		{048446C2-B894-4E4B-ABFB-CF280913A38A}.Release|Any CPU.Build.0 = Release|Any CPU
		{070F7C44-BE0D-471A-9608-F392DA09479A}.Debug|Any CPU.ActiveCfg = Debug|Any CPU
		{070F7C44-BE0D-471A-9608-F392DA09479A}.Debug|Any CPU.Build.0 = Debug|Any CPU
		{070F7C44-BE0D-471A-9608-F392DA09479A}.Release|Any CPU.ActiveCfg = Release|Any CPU
		{070F7C44-BE0D-471A-9608-F392DA09479A}.Release|Any CPU.Build.0 = Release|Any CPU
		{35BDF348-7773-401E-9F92-B9B3C0A58989}.Debug|Any CPU.ActiveCfg = Debug|Any CPU
		{35BDF348-7773-401E-9F92-B9B3C0A58989}.Debug|Any CPU.Build.0 = Debug|Any CPU
		{35BDF348-7773-401E-9F92-B9B3C0A58989}.Release|Any CPU.ActiveCfg = Release|Any CPU
		{35BDF348-7773-401E-9F92-B9B3C0A58989}.Release|Any CPU.Build.0 = Release|Any CPU
		{5E8B1607-D9E1-4E23-89FC-AC56D449CE7B}.Debug|Any CPU.ActiveCfg = Debug|Any CPU
		{5E8B1607-D9E1-4E23-89FC-AC56D449CE7B}.Debug|Any CPU.Build.0 = Debug|Any CPU
		{5E8B1607-D9E1-4E23-89FC-AC56D449CE7B}.Release|Any CPU.ActiveCfg = Release|Any CPU
		{5E8B1607-D9E1-4E23-89FC-AC56D449CE7B}.Release|Any CPU.Build.0 = Release|Any CPU
		{E669AE99-6D33-4873-B812-7803A8050B88}.Debug|Any CPU.ActiveCfg = Debug|Any CPU
		{E669AE99-6D33-4873-B812-7803A8050B88}.Debug|Any CPU.Build.0 = Debug|Any CPU
		{E669AE99-6D33-4873-B812-7803A8050B88}.Release|Any CPU.ActiveCfg = Release|Any CPU
		{E669AE99-6D33-4873-B812-7803A8050B88}.Release|Any CPU.Build.0 = Release|Any CPU
		{54BDE212-160F-4782-995F-772D4292C83B}.Debug|Any CPU.ActiveCfg = Debug|Any CPU
		{54BDE212-160F-4782-995F-772D4292C83B}.Debug|Any CPU.Build.0 = Debug|Any CPU
		{54BDE212-160F-4782-995F-772D4292C83B}.Release|Any CPU.ActiveCfg = Release|Any CPU
		{54BDE212-160F-4782-995F-772D4292C83B}.Release|Any CPU.Build.0 = Release|Any CPU
		{F21E9E6F-9DA3-4110-A677-4EE1448C70F8}.Debug|Any CPU.ActiveCfg = Debug|Any CPU
		{F21E9E6F-9DA3-4110-A677-4EE1448C70F8}.Debug|Any CPU.Build.0 = Debug|Any CPU
		{F21E9E6F-9DA3-4110-A677-4EE1448C70F8}.Release|Any CPU.ActiveCfg = Release|Any CPU
		{F21E9E6F-9DA3-4110-A677-4EE1448C70F8}.Release|Any CPU.Build.0 = Release|Any CPU
		{DAF16E70-0BB0-488B-8A13-E609ECC3F0EB}.Debug|Any CPU.ActiveCfg = Debug|Any CPU
		{DAF16E70-0BB0-488B-8A13-E609ECC3F0EB}.Debug|Any CPU.Build.0 = Debug|Any CPU
		{DAF16E70-0BB0-488B-8A13-E609ECC3F0EB}.Release|Any CPU.ActiveCfg = Release|Any CPU
		{DAF16E70-0BB0-488B-8A13-E609ECC3F0EB}.Release|Any CPU.Build.0 = Release|Any CPU
		{68182CCE-0B48-49ED-8457-05D521457F04}.Debug|Any CPU.ActiveCfg = Debug|Any CPU
		{68182CCE-0B48-49ED-8457-05D521457F04}.Debug|Any CPU.Build.0 = Debug|Any CPU
		{68182CCE-0B48-49ED-8457-05D521457F04}.Release|Any CPU.ActiveCfg = Release|Any CPU
		{68182CCE-0B48-49ED-8457-05D521457F04}.Release|Any CPU.Build.0 = Release|Any CPU
		{4819DC40-E976-4F59-9544-0B5CB9446B3A}.Debug|Any CPU.ActiveCfg = Debug|Any CPU
		{4819DC40-E976-4F59-9544-0B5CB9446B3A}.Debug|Any CPU.Build.0 = Debug|Any CPU
		{4819DC40-E976-4F59-9544-0B5CB9446B3A}.Release|Any CPU.ActiveCfg = Release|Any CPU
		{4819DC40-E976-4F59-9544-0B5CB9446B3A}.Release|Any CPU.Build.0 = Release|Any CPU
		{3249A207-7B39-488E-A1A6-08534B49120B}.Debug|Any CPU.ActiveCfg = Debug|Any CPU
		{3249A207-7B39-488E-A1A6-08534B49120B}.Debug|Any CPU.Build.0 = Debug|Any CPU
		{3249A207-7B39-488E-A1A6-08534B49120B}.Release|Any CPU.ActiveCfg = Release|Any CPU
		{3249A207-7B39-488E-A1A6-08534B49120B}.Release|Any CPU.Build.0 = Release|Any CPU
		{FE0F51D7-BB3B-43F1-8AE0-A9260B1FE736}.Debug|Any CPU.ActiveCfg = Debug|Any CPU
		{FE0F51D7-BB3B-43F1-8AE0-A9260B1FE736}.Debug|Any CPU.Build.0 = Debug|Any CPU
		{FE0F51D7-BB3B-43F1-8AE0-A9260B1FE736}.Release|Any CPU.ActiveCfg = Release|Any CPU
		{FE0F51D7-BB3B-43F1-8AE0-A9260B1FE736}.Release|Any CPU.Build.0 = Release|Any CPU
		{A1647D46-2B15-4581-8268-A2045700FA15}.Debug|Any CPU.ActiveCfg = Debug|Any CPU
		{A1647D46-2B15-4581-8268-A2045700FA15}.Debug|Any CPU.Build.0 = Debug|Any CPU
		{A1647D46-2B15-4581-8268-A2045700FA15}.Release|Any CPU.ActiveCfg = Release|Any CPU
		{A1647D46-2B15-4581-8268-A2045700FA15}.Release|Any CPU.Build.0 = Release|Any CPU
		{4D924606-A23B-4A1B-BACA-8CFF9EE3BD93}.Debug|Any CPU.ActiveCfg = Debug|Any CPU
		{4D924606-A23B-4A1B-BACA-8CFF9EE3BD93}.Debug|Any CPU.Build.0 = Debug|Any CPU
		{4D924606-A23B-4A1B-BACA-8CFF9EE3BD93}.Release|Any CPU.ActiveCfg = Release|Any CPU
		{4D924606-A23B-4A1B-BACA-8CFF9EE3BD93}.Release|Any CPU.Build.0 = Release|Any CPU
	EndGlobalSection
	GlobalSection(SolutionProperties) = preSolution
		HideSolutionNode = FALSE
	EndGlobalSection
	GlobalSection(NestedProjects) = preSolution
		{BCA93B17-E6E9-4AE2-8E82-F8E6AFAB620B} = {C8F66835-A75A-4CD4-A9BE-011F100DCC18}
		{565D302E-46D6-4A18-9C78-401254E0A54F} = {C8F66835-A75A-4CD4-A9BE-011F100DCC18}
		{32F606D7-C201-4966-B893-256F08C14108} = {C8F66835-A75A-4CD4-A9BE-011F100DCC18}
		{2308F7F4-C515-4231-A8DC-292057EA838B} = {969F75DF-879E-42A1-8FA2-C049EAFFE30C}
		{037707A3-F062-410B-882C-3735B705459C} = {969F75DF-879E-42A1-8FA2-C049EAFFE30C}
		{15AD345C-AD71-4F97-BF93-02C9BD47C134} = {969F75DF-879E-42A1-8FA2-C049EAFFE30C}
		{231F03FF-3612-408E-9A19-1CABE42D4B66} = {969F75DF-879E-42A1-8FA2-C049EAFFE30C}
		{048446C2-B894-4E4B-ABFB-CF280913A38A} = {969F75DF-879E-42A1-8FA2-C049EAFFE30C}
		{070F7C44-BE0D-471A-9608-F392DA09479A} = {969F75DF-879E-42A1-8FA2-C049EAFFE30C}
		{35BDF348-7773-401E-9F92-B9B3C0A58989} = {969F75DF-879E-42A1-8FA2-C049EAFFE30C}
		{5E8B1607-D9E1-4E23-89FC-AC56D449CE7B} = {969F75DF-879E-42A1-8FA2-C049EAFFE30C}
		{E669AE99-6D33-4873-B812-7803A8050B88} = {969F75DF-879E-42A1-8FA2-C049EAFFE30C}
		{54BDE212-160F-4782-995F-772D4292C83B} = {969F75DF-879E-42A1-8FA2-C049EAFFE30C}
		{F21E9E6F-9DA3-4110-A677-4EE1448C70F8} = {969F75DF-879E-42A1-8FA2-C049EAFFE30C}
		{DAF16E70-0BB0-488B-8A13-E609ECC3F0EB} = {969F75DF-879E-42A1-8FA2-C049EAFFE30C}
		{68182CCE-0B48-49ED-8457-05D521457F04} = {969F75DF-879E-42A1-8FA2-C049EAFFE30C}
		{4819DC40-E976-4F59-9544-0B5CB9446B3A} = {969F75DF-879E-42A1-8FA2-C049EAFFE30C}
		{3249A207-7B39-488E-A1A6-08534B49120B} = {969F75DF-879E-42A1-8FA2-C049EAFFE30C}
		{FE0F51D7-BB3B-43F1-8AE0-A9260B1FE736} = {969F75DF-879E-42A1-8FA2-C049EAFFE30C}
		{4D924606-A23B-4A1B-BACA-8CFF9EE3BD93} = {C8F66835-A75A-4CD4-A9BE-011F100DCC18}
	EndGlobalSection
	GlobalSection(ExtensibilityGlobals) = postSolution
		SolutionGuid = {733A8CC2-948C-4B6C-A8D1-A458A3447EB2}
	EndGlobalSection
EndGlobal
